
Microsoft Visual Studio Solution File, Format Version 12.00
# Visual Studio 15
VisualStudioVersion = 15.0.27130.2010
MinimumVisualStudioVersion = 10.0.40219.1
Project("{8BC9CEB8-8B4A-11D0-8D11-00A0C91BC942}") = "tree-BST", "Algorithm learning\Algorithm learning.vcxproj", "{62AC7333-46C6-45EB-80A1-0285600E625D}"
EndProject
Project("{8BC9CEB8-8B4A-11D0-8D11-00A0C91BC942}") = "tree-AVL", "tree-AVL\tree-AVL.vcxproj", "{16693472-A21B-40B9-9AD2-D4AD0C3A8B31}"
EndProject
Global
	GlobalSection(SolutionConfigurationPlatforms) = preSolution
		Debug|x64 = Debug|x64
		Debug|x86 = Debug|x86
		Release|x64 = Release|x64
		Release|x86 = Release|x86
	EndGlobalSection
	GlobalSection(ProjectConfigurationPlatforms) = postSolution
		{62AC7333-46C6-45EB-80A1-0285600E625D}.Debug|x64.ActiveCfg = Debug|x64
		{62AC7333-46C6-45EB-80A1-0285600E625D}.Debug|x64.Build.0 = Debug|x64
		{62AC7333-46C6-45EB-80A1-0285600E625D}.Debug|x86.ActiveCfg = Debug|Win32
		{62AC7333-46C6-45EB-80A1-0285600E625D}.Debug|x86.Build.0 = Debug|Win32
		{62AC7333-46C6-45EB-80A1-0285600E625D}.Release|x64.ActiveCfg = Release|x64
		{62AC7333-46C6-45EB-80A1-0285600E625D}.Release|x64.Build.0 = Release|x64
		{62AC7333-46C6-45EB-80A1-0285600E625D}.Release|x86.ActiveCfg = Release|Win32
		{62AC7333-46C6-45EB-80A1-0285600E625D}.Release|x86.Build.0 = Release|Win32
		{16693472-A21B-40B9-9AD2-D4AD0C3A8B31}.Debug|x64.ActiveCfg = Debug|x64
		{16693472-A21B-40B9-9AD2-D4AD0C3A8B31}.Debug|x64.Build.0 = Debug|x64
		{16693472-A21B-40B9-9AD2-D4AD0C3A8B31}.Debug|x86.ActiveCfg = Debug|Win32
		{16693472-A21B-40B9-9AD2-D4AD0C3A8B31}.Debug|x86.Build.0 = Debug|Win32
		{16693472-A21B-40B9-9AD2-D4AD0C3A8B31}.Release|x64.ActiveCfg = Release|x64
		{16693472-A21B-40B9-9AD2-D4AD0C3A8B31}.Release|x64.Build.0 = Release|x64
		{16693472-A21B-40B9-9AD2-D4AD0C3A8B31}.Release|x86.ActiveCfg = Release|Win32
		{16693472-A21B-40B9-9AD2-D4AD0C3A8B31}.Release|x86.Build.0 = Release|Win32
	EndGlobalSection
	GlobalSection(SolutionProperties) = preSolution
		HideSolutionNode = FALSE
	EndGlobalSection
	GlobalSection(ExtensibilityGlobals) = postSolution
		SolutionGuid = {1A0E6ED4-23E4-4410-86AC-5414E6C505F0}
	EndGlobalSection
EndGlobal
